// !$*UTF8*$!
{
	archiveVersion = 1;
	classes = {
	};
	objectVersion = 50;
	objects = {

/* Begin PBXFileReference section */
		2AA9D96D24481B62006C7CD3 /* ESP-Rover-Control.ino */ = {isa = PBXFileReference; lastKnownFileType = text; path = "ESP-Rover-Control.ino"; sourceTree = "<group>"; };
/* End PBXFileReference section */

/* Begin PBXGroup section */
		2AA9D96624481AA3006C7CD3 = {
			isa = PBXGroup;
			children = (
				2AA9D96D24481B62006C7CD3 /* ESP-Rover-Control.ino */,
			);
			sourceTree = "<group>";
		};
/* End PBXGroup section */

/* Begin PBXProject section */
		2AA9D96724481AA3006C7CD3 /* Project object */ = {
			isa = PBXProject;
			attributes = {
				LastUpgradeCheck = 1000;
			};
			buildConfigurationList = 2AA9D96A24481AA3006C7CD3 /* Build configuration list for PBXProject "ESP-Rover-Control" */;
			compatibilityVersion = "Xcode 9.3";
			developmentRegion = en;
			hasScannedForEncodings = 0;
			knownRegions = (
				en,
			);
			mainGroup = 2AA9D96624481AA3006C7CD3;
			projectDirPath = "";
			projectRoot = "";
			targets = (
			);
		};
/* End PBXProject section */

/* Begin XCBuildConfiguration section */
		2AA9D96B24481AA3006C7CD3 /* Debug */ = {
			isa = XCBuildConfiguration;
			buildSettings = {
			};
			name = Debug;
		};
		2AA9D96C24481AA3006C7CD3 /* Release */ = {
			isa = XCBuildConfiguration;
			buildSettings = {
			};
			name = Release;
		};
/* End XCBuildConfiguration section */

/* Begin XCConfigurationList section */
		2AA9D96A24481AA3006C7CD3 /* Build configuration list for PBXProject "ESP-Rover-Control" */ = {
			isa = XCConfigurationList;
			buildConfigurations = (
				2AA9D96B24481AA3006C7CD3 /* Debug */,
				2AA9D96C24481AA3006C7CD3 /* Release */,
			);
			defaultConfigurationIsVisible = 0;
			defaultConfigurationName = Release;
		};
/* End XCConfigurationList section */
	};
	rootObject = 2AA9D96724481AA3006C7CD3 /* Project object */;
}
